
Microsoft Visual Studio Solution File, Format Version 12.00
# Visual Studio 15
VisualStudioVersion = 15.0.28010.2036
MinimumVisualStudioVersion = 10.0.40219.1
Project("{FAE04EC0-301F-11D3-BF4B-00C04F79EFBC}") = "FatEntityOptions", "FatEntityOptions\FatEntityOptions.csproj", "{EF78C778-4670-4DE2-AEC0-69E875C58F8E}"
EndProject
Project("{FAE04EC0-301F-11D3-BF4B-00C04F79EFBC}") = "FatEntityOptionsTests", "FatEntityOptionsTests\FatEntityOptionsTests.csproj", "{70613858-21BF-4C88-AE57-62C793BF6F49}"
EndProject
Global
	GlobalSection(SolutionConfigurationPlatforms) = preSolution
		Debug|Any CPU = Debug|Any CPU
		Release|Any CPU = Release|Any CPU
	EndGlobalSection
	GlobalSection(ProjectConfigurationPlatforms) = postSolution
		{EF78C778-4670-4DE2-AEC0-69E875C58F8E}.Debug|Any CPU.ActiveCfg = Debug|Any CPU
		{EF78C778-4670-4DE2-AEC0-69E875C58F8E}.Debug|Any CPU.Build.0 = Debug|Any CPU
		{EF78C778-4670-4DE2-AEC0-69E875C58F8E}.Release|Any CPU.ActiveCfg = Release|Any CPU
		{EF78C778-4670-4DE2-AEC0-69E875C58F8E}.Release|Any CPU.Build.0 = Release|Any CPU
		{70613858-21BF-4C88-AE57-62C793BF6F49}.Debug|Any CPU.ActiveCfg = Debug|Any CPU
		{70613858-21BF-4C88-AE57-62C793BF6F49}.Debug|Any CPU.Build.0 = Debug|Any CPU
		{70613858-21BF-4C88-AE57-62C793BF6F49}.Release|Any CPU.ActiveCfg = Release|Any CPU
		{70613858-21BF-4C88-AE57-62C793BF6F49}.Release|Any CPU.Build.0 = Release|Any CPU
	EndGlobalSection
	GlobalSection(SolutionProperties) = preSolution
		HideSolutionNode = FALSE
	EndGlobalSection
	GlobalSection(ExtensibilityGlobals) = postSolution
		SolutionGuid = {F21F353E-DD45-48BA-B475-FEEFA9D43AE2}
	EndGlobalSection
EndGlobal
